# THIS IS AN AUTOGENERATED FILE. DO NOT EDIT THIS FILE DIRECTLY.
# yarn lockfile v1


"@babel/runtime@^7.12.5":
  version "7.14.0"
  resolved "https://registry.nlark.com/@babel/runtime/download/@babel/runtime-7.14.0.tgz?cache=0&sync_timestamp=1619727550148&other_urls=https%3A%2F%2Fregistry.nlark.com%2F%40babel%2Fruntime%2Fdownload%2F%40babel%2Fruntime-7.14.0.tgz#46794bc20b612c5f75e62dd071e24dfd95f1cbe6"
  integrity sha1-RnlLwgthLF915i3QceJN/ZXxy+Y=
  dependencies:
    regenerator-runtime "^0.13.4"

"@types/node@^15.0.2":
  version "15.0.2"
  resolved "https://registry.nlark.com/@types/node/download/@types/node-15.0.2.tgz#51e9c0920d1b45936ea04341aa3e2e58d339fb67"
  integrity sha1-UenAkg0bRZNuoENBqj4uWNM5+2c=

adler-32@~1.2.0:
  version "1.2.0"
  resolved "https://registry.nlark.com/adler-32/download/adler-32-1.2.0.tgz#6a3e6bf0a63900ba15652808cb15c6813d1a5f25"
  integrity sha1-aj5r8KY5ALoVZSgIyxXGgT0aXyU=
  dependencies:
    exit-on-epipe "~1.0.1"
    printj "~1.1.0"

buffer-from@^1.1.1:
  version "1.1.1"
  resolved "https://registry.npm.taobao.org/buffer-from/download/buffer-from-1.1.1.tgz#32713bc028f75c02fdb710d7c7bcec1f2c6070ef"
  integrity sha1-MnE7wCj3XAL9txDXx7zsHyxgcO8=

cfb@^1.1.4:
  version "1.2.0"
  resolved "https://registry.npm.taobao.org/cfb/download/cfb-1.2.0.tgz#6a4d0872b525ed60349e1ef51fb4b0bf73eca9a8"
  integrity sha1-ak0IcrUl7WA0nh71H7Swv3Psqag=
  dependencies:
    adler-32 "~1.2.0"
    crc-32 "~1.2.0"
    printj "~1.1.2"

codepage@~1.14.0:
  version "1.14.0"
  resolved "https://registry.npm.taobao.org/codepage/download/codepage-1.14.0.tgz#8cbe25481323559d7d307571b0fff91e7a1d2f99"
  integrity sha1-jL4lSBMjVZ19MHVxsP/5HnodL5k=
  dependencies:
    commander "~2.14.1"
    exit-on-epipe "~1.0.1"

commander@~2.14.1:
  version "2.14.1"
  resolved "https://registry.nlark.com/commander/download/commander-2.14.1.tgz#2235123e37af8ca3c65df45b026dbd357b01b9aa"
  integrity sha1-IjUSPjevjKPGXfRbAm29NXsBuao=

commander@~2.17.1:
  version "2.17.1"
  resolved "https://registry.nlark.com/commander/download/commander-2.17.1.tgz#bd77ab7de6de94205ceacc72f1716d29f20a77bf"
  integrity sha1-vXerfebelCBc6sxy8XFtKfIKd78=

crc-32@~1.2.0:
  version "1.2.0"
  resolved "https://registry.npm.taobao.org/crc-32/download/crc-32-1.2.0.tgz#cb2db6e29b88508e32d9dd0ec1693e7b41a18208"
  integrity sha1-yy224puIUI4y2d0OwWk+e0Ghggg=
  dependencies:
    exit-on-epipe "~1.0.1"
    printj "~1.1.0"

exit-on-epipe@~1.0.1:
  version "1.0.1"
  resolved "https://registry.npm.taobao.org/exit-on-epipe/download/exit-on-epipe-1.0.1.tgz#0bdd92e87d5285d267daa8171d0eb06159689692"
  integrity sha1-C92S6H1ShdJn2qgXHQ6wYVlolpI=

fflate@^0.3.8:
  version "0.3.11"
  resolved "https://registry.nlark.com/fflate/download/fflate-0.3.11.tgz#2c440d7180fdeb819e64898d8858af327b042a5d"
  integrity sha1-LEQNcYD964GeZImNiFivMnsEKl0=

frac@~1.1.2:
  version "1.1.2"
  resolved "https://registry.npm.taobao.org/frac/download/frac-1.1.2.tgz#3d74f7f6478c88a1b5020306d747dc6313c74d0b"
  integrity sha1-PXT39keMiKG1AgMG10fcYxPHTQs=

node-xlsx@^0.16.1:
  version "0.16.1"
  resolved "https://registry.npm.taobao.org/node-xlsx/download/node-xlsx-0.16.1.tgz#42f4a92a8d2864780b3008dcf68a7eadfec4d8a6"
  integrity sha1-QvSpKo0oZHgLMAjc9op+rf7E2KY=
  dependencies:
    "@babel/runtime" "^7.12.5"
    buffer-from "^1.1.1"
    xlsx "^0.16.9"

printj@~1.1.0, printj@~1.1.2:
  version "1.1.2"
  resolved "https://registry.npm.taobao.org/printj/download/printj-1.1.2.tgz#d90deb2975a8b9f600fb3a1c94e3f4c53c78a222"
  integrity sha1-2Q3rKXWoufYA+zoclOP0xTx4oiI=

regenerator-runtime@^0.13.4:
  version "0.13.7"
  resolved "https://registry.nlark.com/regenerator-runtime/download/regenerator-runtime-0.13.7.tgz#cac2dacc8a1ea675feaabaeb8ae833898ae46f55"
  integrity sha1-ysLazIoepnX+qrrriugziYrkb1U=

ssf@~0.11.2:
  version "0.11.2"
  resolved "https://registry.npm.taobao.org/ssf/download/ssf-0.11.2.tgz#0b99698b237548d088fc43cdf2b70c1a7512c06c"
  integrity sha1-C5lpiyN1SNCI/EPN8rcMGnUSwGw=
  dependencies:
    frac "~1.1.2"

wmf@~1.0.1:
  version "1.0.2"
  resolved "https://registry.npm.taobao.org/wmf/download/wmf-1.0.2.tgz#7d19d621071a08c2bdc6b7e688a9c435298cc2da"
  integrity sha1-fRnWIQcaCMK9xrfmiKnENSmMwto=

word@~0.3.0:
  version "0.3.0"
  resolved "https://registry.npm.taobao.org/word/download/word-0.3.0.tgz#8542157e4f8e849f4a363a288992d47612db9961"
  integrity sha1-hUIVfk+OhJ9KNjooiZLUdhLbmWE=

xlsx@^0.16.9:
  version "0.16.9"
  resolved "https://registry.npm.taobao.org/xlsx/download/xlsx-0.16.9.tgz#dacd5bb46bda6dd3743940c9c3dc1e2171826256"
  integrity sha1-2s1btGvabdN0OUDJw9weIXGCYlY=
  dependencies:
    adler-32 "~1.2.0"
    cfb "^1.1.4"
    codepage "~1.14.0"
    commander "~2.17.1"
    crc-32 "~1.2.0"
    exit-on-epipe "~1.0.1"
    fflate "^0.3.8"
    ssf "~0.11.2"
    wmf "~1.0.1"
    word "~0.3.0"
